{
  "name": "ajs-lib-test",
  "version": "1.0.0",
  "lockfileVersion": 3,
  "requires": true,
  "packages": {
    "": {
      "name": "ajs-lib-test",
      "version": "1.0.0",
      "license": "ISC",
      "dependencies": {
        "@alvarez1213/ajs-lib": "^1.0.0"
      }
    },
    "node_modules/@alvarez1213/ajs-lib": {
      "version": "1.0.0",
      "resolved": "https://npm.pkg.github.com/download/@alvarez1213/ajs-lib/1.0.0/2dd3f34d4ee7f3c3d18d4407717c8b2545f860f6",
      "integrity": "sha512-Jz0tEaCcTw/VjohParBaMxvCBKSIzPm42Ne/QX2b5vZuBbeocnSL0htQtLkJkFepTICwifXwjzgaCsFAnUp5EA==",
      "license": "ISC"
    }
  }
}
